{
    "_meta": {
        "hash": {
            "sha256": "632383d3baf713e0c01dea38a6dae3c74b7df65daa5b3f72cb0767547b8bfe95"
        },
        "pipfile-spec": 6,
        "requires": {
            "python_version": "3.8"
        },
        "sources": [
            {
                "name": "pypi",
                "url": "https://pypi.org/simple",
                "verify_ssl": true
            }
        ]
    },
    "default": {
        "cachetools": {
            "hashes": [
                "sha256:0abad1021d3f8325b2fc1d2e9c8b9c9d57b04c3932657a72465447332c24d945",
                "sha256:ba29e2dfa0b8b556606f097407ed1aa62080ee108ab0dc5ec9d6a723a007d105"
            ],
            "markers": "python_version >= '3.7'",
            "version": "==5.3.3"
        },
        "certifi": {
            "hashes": [
                "sha256:0569859f95fc761b18b45ef421b1290a0f65f147e92a1e5eb3e635f9a5e4e66f",
                "sha256:dc383c07b76109f368f6106eee2b593b04a011ea4d55f652c6ca24a754d1cdd1"
            ],
            "markers": "python_version >= '3.6'",
            "version": "==2024.2.2"
        },
        "charset-normalizer": {
            "hashes": [
                "sha256:06435b539f889b1f6f4ac1758871aae42dc3a8c0e24ac9e60c2384973ad73027",
                "sha256:06a81e93cd441c56a9b65d8e1d043daeb97a3d0856d177d5c90ba85acb3db087",
                "sha256:0a55554a2fa0d408816b3b5cedf0045f4b8e1a6065aec45849de2d6f3f8e9786",
                "sha256:0b2b64d2bb6d3fb9112bafa732def486049e63de9618b5843bcdd081d8144cd8",
                "sha256:10955842570876604d404661fbccbc9c7e684caf432c09c715ec38fbae45ae09",
                "sha256:122c7fa62b130ed55f8f285bfd56d5f4b4a5b503609d181f9ad85e55c89f4185",
                "sha256:1ceae2f17a9c33cb48e3263960dc5fc8005351ee19db217e9b1bb15d28c02574",
                "sha256:1d3193f4a680c64b4b6a9115943538edb896edc190f0b222e73761716519268e",
                "sha256:1f79682fbe303db92bc2b1136016a38a42e835d932bab5b3b1bfcfbf0640e519",
                "sha256:2127566c664442652f024c837091890cb1942c30937add288223dc895793f898",
                "sha256:22afcb9f253dac0696b5a4be4a1c0f8762f8239e21b99680099abd9b2b1b2269",
                "sha256:25baf083bf6f6b341f4121c2f3c548875ee6f5339300e08be3f2b2ba1721cdd3",
                "sha256:2e81c7b9c8979ce92ed306c249d46894776a909505d8f5a4ba55b14206e3222f",
                "sha256:3287761bc4ee9e33561a7e058c72ac0938c4f57fe49a09eae428fd88aafe7bb6",
                "sha256:34d1c8da1e78d2e001f363791c98a272bb734000fcef47a491c1e3b0505657a8",
                "sha256:37e55c8e51c236f95b033f6fb391d7d7970ba5fe7ff453dad675e88cf303377a",
                "sha256:3d47fa203a7bd9c5b6cee4736ee84ca03b8ef23193c0d1ca99b5089f72645c73",
                "sha256:3e4d1f6587322d2788836a99c69062fbb091331ec940e02d12d179c1d53e25fc",
                "sha256:42cb296636fcc8b0644486d15c12376cb9fa75443e00fb25de0b8602e64c1714",
                "sha256:45485e01ff4d3630ec0d9617310448a8702f70e9c01906b0d0118bdf9d124cf2",
                "sha256:4a78b2b446bd7c934f5dcedc588903fb2f5eec172f3d29e52a9096a43722adfc",
                "sha256:4ab2fe47fae9e0f9dee8c04187ce5d09f48eabe611be8259444906793ab7cbce",
                "sha256:4d0d1650369165a14e14e1e47b372cfcb31d6ab44e6e33cb2d4e57265290044d",
                "sha256:549a3a73da901d5bc3ce8d24e0600d1fa85524c10287f6004fbab87672bf3e1e",
                "sha256:55086ee1064215781fff39a1af09518bc9255b50d6333f2e4c74ca09fac6a8f6",
                "sha256:572c3763a264ba47b3cf708a44ce965d98555f618ca42c926a9c1616d8f34269",
                "sha256:573f6eac48f4769d667c4442081b1794f52919e7edada77495aaed9236d13a96",
                "sha256:5b4c145409bef602a690e7cfad0a15a55c13320ff7a3ad7ca59c13bb8ba4d45d",
                "sha256:6463effa3186ea09411d50efc7d85360b38d5f09b870c48e4600f63af490e56a",
                "sha256:65f6f63034100ead094b8744b3b97965785388f308a64cf8d7c34f2f2e5be0c4",
                "sha256:663946639d296df6a2bb2aa51b60a2454ca1cb29835324c640dafb5ff2131a77",
                "sha256:6897af51655e3691ff853668779c7bad41579facacf5fd7253b0133308cf000d",
                "sha256:68d1f8a9e9e37c1223b656399be5d6b448dea850bed7d0f87a8311f1ff3dabb0",
                "sha256:6ac7ffc7ad6d040517be39eb591cac5ff87416c2537df6ba3cba3bae290c0fed",
                "sha256:6b3251890fff30ee142c44144871185dbe13b11bab478a88887a639655be1068",
                "sha256:6c4caeef8fa63d06bd437cd4bdcf3ffefe6738fb1b25951440d80dc7df8c03ac",
                "sha256:6ef1d82a3af9d3eecdba2321dc1b3c238245d890843e040e41e470ffa64c3e25",
                "sha256:753f10e867343b4511128c6ed8c82f7bec3bd026875576dfd88483c5c73b2fd8",
                "sha256:7cd13a2e3ddeed6913a65e66e94b51d80a041145a026c27e6bb76c31a853c6ab",
                "sha256:7ed9e526742851e8d5cc9e6cf41427dfc6068d4f5a3bb03659444b4cabf6bc26",
                "sha256:7f04c839ed0b6b98b1a7501a002144b76c18fb1c1850c8b98d458ac269e26ed2",
                "sha256:802fe99cca7457642125a8a88a084cef28ff0cf9407060f7b93dca5aa25480db",
                "sha256:80402cd6ee291dcb72644d6eac93785fe2c8b9cb30893c1af5b8fdd753b9d40f",
                "sha256:8465322196c8b4d7ab6d1e049e4c5cb460d0394da4a27d23cc242fbf0034b6b5",
                "sha256:86216b5cee4b06df986d214f664305142d9c76df9b6512be2738aa72a2048f99",
                "sha256:87d1351268731db79e0f8e745d92493ee2841c974128ef629dc518b937d9194c",
                "sha256:8bdb58ff7ba23002a4c5808d608e4e6c687175724f54a5dade5fa8c67b604e4d",
                "sha256:8c622a5fe39a48f78944a87d4fb8a53ee07344641b0562c540d840748571b811",
                "sha256:8d756e44e94489e49571086ef83b2bb8ce311e730092d2c34ca8f7d925cb20aa",
                "sha256:8f4a014bc36d3c57402e2977dada34f9c12300af536839dc38c0beab8878f38a",
                "sha256:9063e24fdb1e498ab71cb7419e24622516c4a04476b17a2dab57e8baa30d6e03",
                "sha256:90d558489962fd4918143277a773316e56c72da56ec7aa3dc3dbbe20fdfed15b",
                "sha256:923c0c831b7cfcb071580d3f46c4baf50f174be571576556269530f4bbd79d04",
                "sha256:95f2a5796329323b8f0512e09dbb7a1860c46a39da62ecb2324f116fa8fdc85c",
                "sha256:96b02a3dc4381e5494fad39be677abcb5e6634bf7b4fa83a6dd3112607547001",
                "sha256:9f96df6923e21816da7e0ad3fd47dd8f94b2a5ce594e00677c0013018b813458",
                "sha256:a10af20b82360ab00827f916a6058451b723b4e65030c5a18577c8b2de5b3389",
                "sha256:a50aebfa173e157099939b17f18600f72f84eed3049e743b68ad15bd69b6bf99",
                "sha256:a981a536974bbc7a512cf44ed14938cf01030a99e9b3a06dd59578882f06f985",
                "sha256:a9a8e9031d613fd2009c182b69c7b2c1ef8239a0efb1df3f7c8da66d5dd3d537",
                "sha256:ae5f4161f18c61806f411a13b0310bea87f987c7d2ecdbdaad0e94eb2e404238",
                "sha256:aed38f6e4fb3f5d6bf81bfa990a07806be9d83cf7bacef998ab1a9bd660a581f",
                "sha256:b01b88d45a6fcb69667cd6d2f7a9aeb4bf53760d7fc536bf679ec94fe9f3ff3d",
                "sha256:b261ccdec7821281dade748d088bb6e9b69e6d15b30652b74cbbac25e280b796",
                "sha256:b2b0a0c0517616b6869869f8c581d4eb2dd83a4d79e0ebcb7d373ef9956aeb0a",
                "sha256:b4a23f61ce87adf89be746c8a8974fe1c823c891d8f86eb218bb957c924bb143",
                "sha256:bd8f7df7d12c2db9fab40bdd87a7c09b1530128315d047a086fa3ae3435cb3a8",
                "sha256:beb58fe5cdb101e3a055192ac291b7a21e3b7ef4f67fa1d74e331a7f2124341c",
                "sha256:c002b4ffc0be611f0d9da932eb0f704fe2602a9a949d1f738e4c34c75b0863d5",
                "sha256:c083af607d2515612056a31f0a8d9e0fcb5876b7bfc0abad3ecd275bc4ebc2d5",
                "sha256:c180f51afb394e165eafe4ac2936a14bee3eb10debc9d9e4db8958fe36afe711",
                "sha256:c235ebd9baae02f1b77bcea61bce332cb4331dc3617d254df3323aa01ab47bd4",
                "sha256:cd70574b12bb8a4d2aaa0094515df2463cb429d8536cfb6c7ce983246983e5a6",
                "sha256:d0eccceffcb53201b5bfebb52600a5fb483a20b61da9dbc885f8b103cbe7598c",
                "sha256:d965bba47ddeec8cd560687584e88cf699fd28f192ceb452d1d7ee807c5597b7",
                "sha256:db364eca23f876da6f9e16c9da0df51aa4f104a972735574842618b8c6d999d4",
                "sha256:ddbb2551d7e0102e7252db79ba445cdab71b26640817ab1e3e3648dad515003b",
                "sha256:deb6be0ac38ece9ba87dea880e438f25ca3eddfac8b002a2ec3d9183a454e8ae",
                "sha256:e06ed3eb3218bc64786f7db41917d4e686cc4856944f53d5bdf83a6884432e12",
                "sha256:e27ad930a842b4c5eb8ac0016b0a54f5aebbe679340c26101df33424142c143c",
                "sha256:e537484df0d8f426ce2afb2d0f8e1c3d0b114b83f8850e5f2fbea0e797bd82ae",
                "sha256:eb00ed941194665c332bf8e078baf037d6c35d7c4f3102ea2d4f16ca94a26dc8",
                "sha256:eb6904c354526e758fda7167b33005998fb68c46fbc10e013ca97f21ca5c8887",
                "sha256:eb8821e09e916165e160797a6c17edda0679379a4be5c716c260e836e122f54b",
                "sha256:efcb3f6676480691518c177e3b465bcddf57cea040302f9f4e6e191af91174d4",
                "sha256:f27273b60488abe721a075bcca6d7f3964f9f6f067c8c4c605743023d7d3944f",
                "sha256:f30c3cb33b24454a82faecaf01b19c18562b1e89558fb6c56de4d9118a032fd5",
                "sha256:fb69256e180cb6c8a894fee62b3afebae785babc1ee98b81cdf68bbca1987f33",
                "sha256:fd1abc0d89e30cc4e02e4064dc67fcc51bd941eb395c502aac3ec19fab46b519",
                "sha256:ff8fa367d09b717b2a17a052544193ad76cd49979c805768879cb63d9ca50561"
            ],
            "markers": "python_full_version >= '3.7.0'",
            "version": "==3.3.2"
        },
        "click": {
            "hashes": [
                "sha256:ae74fb96c20a0277a1d615f1e4d73c8414f5a98db8b799a7931d1582f3390c28",
                "sha256:ca9853ad459e787e2192211578cc907e7594e294c7ccc834310722b41b9ca6de"
            ],
            "markers": "python_version >= '3.7'",
            "version": "==8.1.7"
        },
        "colored": {
            "hashes": [
                "sha256:04ff4d4dd514274fe3b99a21bb52fb96f2688c01e93fba7bef37221e7cb56ce0"
            ],
            "version": "==1.4.4"
        },
        "dialogflow": {
            "hashes": [
                "sha256:2ee2239b2be0fc26e8f810314ebb0226933d84ca1e3132bd541825273bd5abea",
                "sha256:d975c1b1db7dd706c695570152c31d8b13f9c50b1d43e8d058a9e3fd832fb247"
            ],
            "index": "pypi",
            "markers": "python_version >= '2.7' and python_version not in '3.0, 3.1, 3.2, 3.3'",
            "version": "==2.0.0"
        },
        "gooey": {
            "hashes": [
                "sha256:08d6bf534f4d50d50dafba5cfc68dcf31a6e9eeef13a94cbe3ea17c4e45c4671",
                "sha256:222793cf4a5dd2f9d5c3174ad7369c3df541d91a49e54d51bbee95745ed75ae2"
            ],
            "index": "pypi",
            "version": "==1.0.8.1"
        },
        "google-api-core": {
            "extras": [
                "grpc"
            ],
            "hashes": [
                "sha256:3399c92887a97d33038baa4bfd3bf07acc05d474b0171f333e1f641c1364e552",
                "sha256:52bcc9d9937735f8a3986fa0bbf9135ae9cf5393a722387e5eced520e39c774a"
            ],
            "markers": "python_version >= '3.7'",
            "version": "==1.34.1"
        },
        "google-auth": {
            "hashes": [
                "sha256:672dff332d073227550ffc7457868ac4218d6c500b155fe6cc17d2b13602c360",
                "sha256:d452ad095688cd52bae0ad6fafe027f6a6d6f560e810fec20914e17a09526415"
            ],
            "markers": "python_version >= '3.7'",
            "version": "==2.29.0"
        },
        "google-cloud-dialogflow": {
            "hashes": [
                "sha256:30c5f4446a13101e0472abdfbfdbbacff6a35c3ea057ab6c1d22e773303eb800",
                "sha256:4c542330ea7c5db47ccb179152db8a29ed241f0f330cce53e210b9eb447a0704"
            ],
            "index": "pypi",
            "markers": "python_version >= '3.7'",
            "version": "==2.30.0"
        },
        "googleapis-common-protos": {
            "hashes": [
                "sha256:17ad01b11d5f1d0171c06d3ba5c04c54474e883b66b949722b4938ee2694ef4e",
                "sha256:ae45f75702f7c08b541f750854a678bd8f534a1a6bace6afe975f1d0a82d6632"
            ],
            "markers": "python_version >= '3.7'",
            "version": "==1.63.0"
        },
        "grpcio": {
            "hashes": [
                "sha256:01799e8649f9e94ba7db1aeb3452188048b0019dc37696b0f5ce212c87c560c3",
                "sha256:0697563d1d84d6985e40ec5ec596ff41b52abb3fd91ec240e8cb44a63b895094",
                "sha256:08e1559fd3b3b4468486b26b0af64a3904a8dbc78d8d936af9c1cf9636eb3e8b",
                "sha256:166e5c460e5d7d4656ff9e63b13e1f6029b122104c1633d5f37eaea348d7356d",
                "sha256:1ff737cf29b5b801619f10e59b581869e32f400159e8b12d7a97e7e3bdeee6a2",
                "sha256:219bb1848cd2c90348c79ed0a6b0ea51866bc7e72fa6e205e459fedab5770172",
                "sha256:259e11932230d70ef24a21b9fb5bb947eb4703f57865a404054400ee92f42f5d",
                "sha256:2e93aca840c29d4ab5db93f94ed0a0ca899e241f2e8aec6334ab3575dc46125c",
                "sha256:3a6d1f9ea965e750db7b4ee6f9fdef5fdf135abe8a249e75d84b0a3e0c668a1b",
                "sha256:50344663068041b34a992c19c600236e7abb42d6ec32567916b87b4c8b8833b3",
                "sha256:56cdf96ff82e3cc90dbe8bac260352993f23e8e256e063c327b6cf9c88daf7a9",
                "sha256:5c039ef01516039fa39da8a8a43a95b64e288f79f42a17e6c2904a02a319b357",
                "sha256:6426e1fb92d006e47476d42b8f240c1d916a6d4423c5258ccc5b105e43438f61",
                "sha256:65bf975639a1f93bee63ca60d2e4951f1b543f498d581869922910a476ead2f5",
                "sha256:6a1a3642d76f887aa4009d92f71eb37809abceb3b7b5a1eec9c554a246f20e3a",
                "sha256:6ef0ad92873672a2a3767cb827b64741c363ebaa27e7f21659e4e31f4d750280",
                "sha256:756fed02dacd24e8f488f295a913f250b56b98fb793f41d5b2de6c44fb762434",
                "sha256:75f701ff645858a2b16bc8c9fc68af215a8bb2d5a9b647448129de6e85d52bce",
                "sha256:8064d986d3a64ba21e498b9a376cbc5d6ab2e8ab0e288d39f266f0fca169b90d",
                "sha256:878b1d88d0137df60e6b09b74cdb73db123f9579232c8456f53e9abc4f62eb3c",
                "sha256:8f3f6883ce54a7a5f47db43289a0a4c776487912de1a0e2cc83fdaec9685cc9f",
                "sha256:91b73d3f1340fefa1e1716c8c1ec9930c676d6b10a3513ab6c26004cb02d8b3f",
                "sha256:93a46794cc96c3a674cdfb59ef9ce84d46185fe9421baf2268ccb556f8f81f57",
                "sha256:93f45f27f516548e23e4ec3fbab21b060416007dbe768a111fc4611464cc773f",
                "sha256:9e350cb096e5c67832e9b6e018cf8a0d2a53b2a958f6251615173165269a91b0",
                "sha256:a2d60cd1d58817bc5985fae6168d8b5655c4981d448d0f5b6194bbcc038090d2",
                "sha256:a3abfe0b0f6798dedd2e9e92e881d9acd0fdb62ae27dcbbfa7654a57e24060c0",
                "sha256:a44624aad77bf8ca198c55af811fd28f2b3eaf0a50ec5b57b06c034416ef2d0a",
                "sha256:a7b19dfc74d0be7032ca1eda0ed545e582ee46cd65c162f9e9fc6b26ef827dc6",
                "sha256:ad2ac8903b2eae071055a927ef74121ed52d69468e91d9bcbd028bd0e554be6d",
                "sha256:b005292369d9c1f80bf70c1db1c17c6c342da7576f1c689e8eee4fb0c256af85",
                "sha256:b2e44f59316716532a993ca2966636df6fbe7be4ab6f099de6815570ebe4383a",
                "sha256:b3afbd9d6827fa6f475a4f91db55e441113f6d3eb9b7ebb8fb806e5bb6d6bd0d",
                "sha256:b416252ac5588d9dfb8a30a191451adbf534e9ce5f56bb02cd193f12d8845b7f",
                "sha256:b5194775fec7dc3dbd6a935102bb156cd2c35efe1685b0a46c67b927c74f0cfb",
                "sha256:cacdef0348a08e475a721967f48206a2254a1b26ee7637638d9e081761a5ba86",
                "sha256:cd1e68776262dd44dedd7381b1a0ad09d9930ffb405f737d64f505eb7f77d6c7",
                "sha256:cdcda1156dcc41e042d1e899ba1f5c2e9f3cd7625b3d6ebfa619806a4c1aadda",
                "sha256:cf8dae9cc0412cb86c8de5a8f3be395c5119a370f3ce2e69c8b7d46bb9872c8d",
                "sha256:d2497769895bb03efe3187fb1888fc20e98a5f18b3d14b606167dacda5789434",
                "sha256:e3b77eaefc74d7eb861d3ffbdf91b50a1bb1639514ebe764c47773b833fa2d91",
                "sha256:e48cee31bc5f5a31fb2f3b573764bd563aaa5472342860edcc7039525b53e46a",
                "sha256:e4cbb2100ee46d024c45920d16e888ee5d3cf47c66e316210bc236d5bebc42b3",
                "sha256:f28f8b2db7b86c77916829d64ab21ff49a9d8289ea1564a2b2a3a8ed9ffcccd3",
                "sha256:f3023e14805c61bc439fb40ca545ac3d5740ce66120a678a3c6c2c55b70343d1",
                "sha256:fdf348ae69c6ff484402cfdb14e18c1b0054ac2420079d575c53a60b9b2853ae"
            ],
            "version": "==1.63.0"
        },
        "grpcio-status": {
            "hashes": [
                "sha256:2c33bbdbe20188b2953f46f31af669263b6ee2a9b2d38fa0d36ee091532e21bf",
                "sha256:53695f45da07437b7c344ee4ef60d370fd2850179f5a28bb26d8e2aa1102ec11"
            ],
            "version": "==1.48.2"
        },
        "idna": {
            "hashes": [
                "sha256:028ff3aadf0609c1fd278d8ea3089299412a7a8b9bd005dd08b9f8285bcb5cfc",
                "sha256:82fee1fc78add43492d3a1898bfa6d8a904cc97d8427f683ed8e798d07761aa0"
            ],
            "markers": "python_version >= '3.5'",
            "version": "==3.7"
        },
        "joblib": {
            "hashes": [
                "sha256:06d478d5674cbc267e7496a410ee875abd68e4340feff4490bcb7afb88060ae6",
                "sha256:2382c5816b2636fbd20a09e0f4e9dad4736765fdfb7dca582943b9c1366b3f0e"
            ],
            "markers": "python_version >= '3.8'",
            "version": "==1.4.2"
        },
        "nltk": {
            "hashes": [
                "sha256:1834da3d0682cba4f2cede2f9aad6b0fafb6461ba451db0efb6f9c39798d64d3",
                "sha256:fd5c9109f976fa86bcadba8f91e47f5e9293bd034474752e92a520f81c93dda5"
            ],
            "index": "pypi",
            "markers": "python_version >= '3.7'",
            "version": "==3.8.1"
        },
        "numpy": {
            "hashes": [
                "sha256:04640dab83f7c6c85abf9cd729c5b65f1ebd0ccf9de90b270cd61935eef0197f",
                "sha256:1452241c290f3e2a312c137a9999cdbf63f78864d63c79039bda65ee86943f61",
                "sha256:222e40d0e2548690405b0b3c7b21d1169117391c2e82c378467ef9ab4c8f0da7",
                "sha256:2541312fbf09977f3b3ad449c4e5f4bb55d0dbf79226d7724211acc905049400",
                "sha256:31f13e25b4e304632a4619d0e0777662c2ffea99fcae2029556b17d8ff958aef",
                "sha256:4602244f345453db537be5314d3983dbf5834a9701b7723ec28923e2889e0bb2",
                "sha256:4979217d7de511a8d57f4b4b5b2b965f707768440c17cb70fbf254c4b225238d",
                "sha256:4c21decb6ea94057331e111a5bed9a79d335658c27ce2adb580fb4d54f2ad9bc",
                "sha256:6620c0acd41dbcb368610bb2f4d83145674040025e5536954782467100aa8835",
                "sha256:692f2e0f55794943c5bfff12b3f56f99af76f902fc47487bdfe97856de51a706",
                "sha256:7215847ce88a85ce39baf9e89070cb860c98fdddacbaa6c0da3ffb31b3350bd5",
                "sha256:79fc682a374c4a8ed08b331bef9c5f582585d1048fa6d80bc6c35bc384eee9b4",
                "sha256:7ffe43c74893dbf38c2b0a1f5428760a1a9c98285553c89e12d70a96a7f3a4d6",
                "sha256:80f5e3a4e498641401868df4208b74581206afbee7cf7b8329daae82676d9463",
                "sha256:95f7ac6540e95bc440ad77f56e520da5bf877f87dca58bd095288dce8940532a",
                "sha256:9667575fb6d13c95f1b36aca12c5ee3356bf001b714fc354eb5465ce1609e62f",
                "sha256:a5425b114831d1e77e4b5d812b69d11d962e104095a5b9c3b641a218abcc050e",
                "sha256:b4bea75e47d9586d31e892a7401f76e909712a0fd510f58f5337bea9572c571e",
                "sha256:b7b1fc9864d7d39e28f41d089bfd6353cb5f27ecd9905348c24187a768c79694",
                "sha256:befe2bf740fd8373cf56149a5c23a0f601e82869598d41f8e188a0e9869926f8",
                "sha256:c0bfb52d2169d58c1cdb8cc1f16989101639b34c7d3ce60ed70b19c63eba0b64",
                "sha256:d11efb4dbecbdf22508d55e48d9c8384db795e1b7b51ea735289ff96613ff74d",
                "sha256:dd80e219fd4c71fc3699fc1dadac5dcf4fd882bfc6f7ec53d30fa197b8ee22dc",
                "sha256:e2926dac25b313635e4d6cf4dc4e51c8c0ebfed60b801c799ffc4c32bf3d1254",
                "sha256:e98f220aa76ca2a977fe435f5b04d7b3470c0a2e6312907b37ba6068f26787f2",
                "sha256:ed094d4f0c177b1b8e7aa9cba7d6ceed51c0e569a5318ac0ca9a090680a6a1b1",
                "sha256:f136bab9c2cfd8da131132c2cf6cc27331dd6fae65f95f69dcd4ae3c3639c810",
                "sha256:f3a86ed21e4f87050382c7bc96571755193c4c1392490744ac73d660e8f564a9"
            ],
            "markers": "python_version >= '3.0' and python_version < '3.12'",
            "version": "==1.24.4"
        },
        "pillow": {
            "hashes": [
                "sha256:048ad577748b9fa4a99a0548c64f2cb8d672d5bf2e643a739ac8faff1164238c",
                "sha256:048eeade4c33fdf7e08da40ef402e748df113fd0b4584e32c4af74fe78baaeb2",
                "sha256:0ba26351b137ca4e0db0342d5d00d2e355eb29372c05afd544ebf47c0956ffeb",
                "sha256:0ea2a783a2bdf2a561808fe4a7a12e9aa3799b701ba305de596bc48b8bdfce9d",
                "sha256:1530e8f3a4b965eb6a7785cf17a426c779333eb62c9a7d1bbcf3ffd5bf77a4aa",
                "sha256:16563993329b79513f59142a6b02055e10514c1a8e86dca8b48a893e33cf91e3",
                "sha256:19aeb96d43902f0a783946a0a87dbdad5c84c936025b8419da0a0cd7724356b1",
                "sha256:1a1d1915db1a4fdb2754b9de292642a39a7fb28f1736699527bb649484fb966a",
                "sha256:1b87bd9d81d179bd8ab871603bd80d8645729939f90b71e62914e816a76fc6bd",
                "sha256:1dfc94946bc60ea375cc39cff0b8da6c7e5f8fcdc1d946beb8da5c216156ddd8",
                "sha256:2034f6759a722da3a3dbd91a81148cf884e91d1b747992ca288ab88c1de15999",
                "sha256:261ddb7ca91fcf71757979534fb4c128448b5b4c55cb6152d280312062f69599",
                "sha256:2ed854e716a89b1afcedea551cd85f2eb2a807613752ab997b9974aaa0d56936",
                "sha256:3102045a10945173d38336f6e71a8dc71bcaeed55c3123ad4af82c52807b9375",
                "sha256:339894035d0ede518b16073bdc2feef4c991ee991a29774b33e515f1d308e08d",
                "sha256:412444afb8c4c7a6cc11a47dade32982439925537e483be7c0ae0cf96c4f6a0b",
                "sha256:4203efca580f0dd6f882ca211f923168548f7ba334c189e9eab1178ab840bf60",
                "sha256:45ebc7b45406febf07fef35d856f0293a92e7417ae7933207e90bf9090b70572",
                "sha256:4b5ec25d8b17217d635f8935dbc1b9aa5907962fae29dff220f2659487891cd3",
                "sha256:4c8e73e99da7db1b4cad7f8d682cf6abad7844da39834c288fbfa394a47bbced",
                "sha256:4e6f7d1c414191c1199f8996d3f2282b9ebea0945693fb67392c75a3a320941f",
                "sha256:4eaa22f0d22b1a7e93ff0a596d57fdede2e550aecffb5a1ef1106aaece48e96b",
                "sha256:50b8eae8f7334ec826d6eeffaeeb00e36b5e24aa0b9df322c247539714c6df19",
                "sha256:50fd3f6b26e3441ae07b7c979309638b72abc1a25da31a81a7fbd9495713ef4f",
                "sha256:51243f1ed5161b9945011a7360e997729776f6e5d7005ba0c6879267d4c5139d",
                "sha256:5d512aafa1d32efa014fa041d38868fda85028e3f930a96f85d49c7d8ddc0383",
                "sha256:5f77cf66e96ae734717d341c145c5949c63180842a545c47a0ce7ae52ca83795",
                "sha256:6b02471b72526ab8a18c39cb7967b72d194ec53c1fd0a70b050565a0f366d355",
                "sha256:6fb1b30043271ec92dc65f6d9f0b7a830c210b8a96423074b15c7bc999975f57",
                "sha256:7161ec49ef0800947dc5570f86568a7bb36fa97dd09e9827dc02b718c5643f09",
                "sha256:72d622d262e463dfb7595202d229f5f3ab4b852289a1cd09650362db23b9eb0b",
                "sha256:74d28c17412d9caa1066f7a31df8403ec23d5268ba46cd0ad2c50fb82ae40462",
                "sha256:78618cdbccaa74d3f88d0ad6cb8ac3007f1a6fa5c6f19af64b55ca170bfa1edf",
                "sha256:793b4e24db2e8742ca6423d3fde8396db336698c55cd34b660663ee9e45ed37f",
                "sha256:798232c92e7665fe82ac085f9d8e8ca98826f8e27859d9a96b41d519ecd2e49a",
                "sha256:81d09caa7b27ef4e61cb7d8fbf1714f5aec1c6b6c5270ee53504981e6e9121ad",
                "sha256:8ab74c06ffdab957d7670c2a5a6e1a70181cd10b727cd788c4dd9005b6a8acd9",
                "sha256:8eb0908e954d093b02a543dc963984d6e99ad2b5e36503d8a0aaf040505f747d",
                "sha256:90b9e29824800e90c84e4022dd5cc16eb2d9605ee13f05d47641eb183cd73d45",
                "sha256:9797a6c8fe16f25749b371c02e2ade0efb51155e767a971c61734b1bf6293994",
                "sha256:9d2455fbf44c914840c793e89aa82d0e1763a14253a000743719ae5946814b2d",
                "sha256:9d3bea1c75f8c53ee4d505c3e67d8c158ad4df0d83170605b50b64025917f338",
                "sha256:9e2ec1e921fd07c7cda7962bad283acc2f2a9ccc1b971ee4b216b75fad6f0463",
                "sha256:9e91179a242bbc99be65e139e30690e081fe6cb91a8e77faf4c409653de39451",
                "sha256:a0eaa93d054751ee9964afa21c06247779b90440ca41d184aeb5d410f20ff591",
                "sha256:a2c405445c79c3f5a124573a051062300936b0281fee57637e706453e452746c",
                "sha256:aa7e402ce11f0885305bfb6afb3434b3cd8f53b563ac065452d9d5654c7b86fd",
                "sha256:aff76a55a8aa8364d25400a210a65ff59d0168e0b4285ba6bf2bd83cf675ba32",
                "sha256:b09b86b27a064c9624d0a6c54da01c1beaf5b6cadfa609cf63789b1d08a797b9",
                "sha256:b14f16f94cbc61215115b9b1236f9c18403c15dd3c52cf629072afa9d54c1cbf",
                "sha256:b50811d664d392f02f7761621303eba9d1b056fb1868c8cdf4231279645c25f5",
                "sha256:b7bc2176354defba3edc2b9a777744462da2f8e921fbaf61e52acb95bafa9828",
                "sha256:c78e1b00a87ce43bb37642c0812315b411e856a905d58d597750eb79802aaaa3",
                "sha256:c83341b89884e2b2e55886e8fbbf37c3fa5efd6c8907124aeb72f285ae5696e5",
                "sha256:ca2870d5d10d8726a27396d3ca4cf7976cec0f3cb706debe88e3a5bd4610f7d2",
                "sha256:ccce24b7ad89adb5a1e34a6ba96ac2530046763912806ad4c247356a8f33a67b",
                "sha256:cd5e14fbf22a87321b24c88669aad3a51ec052eb145315b3da3b7e3cc105b9a2",
                "sha256:ce49c67f4ea0609933d01c0731b34b8695a7a748d6c8d186f95e7d085d2fe475",
                "sha256:d33891be6df59d93df4d846640f0e46f1a807339f09e79a8040bc887bdcd7ed3",
                "sha256:d3b2348a78bc939b4fed6552abfd2e7988e0f81443ef3911a4b8498ca084f6eb",
                "sha256:d886f5d353333b4771d21267c7ecc75b710f1a73d72d03ca06df49b09015a9ef",
                "sha256:d93480005693d247f8346bc8ee28c72a2191bdf1f6b5db469c096c0c867ac015",
                "sha256:dc1a390a82755a8c26c9964d457d4c9cbec5405896cba94cf51f36ea0d855002",
                "sha256:dd78700f5788ae180b5ee8902c6aea5a5726bac7c364b202b4b3e3ba2d293170",
                "sha256:e46f38133e5a060d46bd630faa4d9fa0202377495df1f068a8299fd78c84de84",
                "sha256:e4b878386c4bf293578b48fc570b84ecfe477d3b77ba39a6e87150af77f40c57",
                "sha256:f0d0591a0aeaefdaf9a5e545e7485f89910c977087e7de2b6c388aec32011e9f",
                "sha256:fdcbb4068117dfd9ce0138d068ac512843c52295ed996ae6dd1faf537b6dbc27",
                "sha256:ff61bfd9253c3915e6d41c651d5f962da23eda633cf02262990094a18a55371a"
            ],
            "markers": "python_version >= '3.8'",
            "version": "==10.3.0"
        },
        "proto-plus": {
            "hashes": [
                "sha256:89075171ef11988b3fa157f5dbd8b9cf09d65fffee97e29ce403cd8defba19d2",
                "sha256:a829c79e619e1cf632de091013a4173deed13a55f326ef84f05af6f50ff4c82c"
            ],
            "markers": "python_version >= '3.6'",
            "version": "==1.23.0"
        },
        "protobuf": {
            "hashes": [
                "sha256:03038ac1cfbc41aa21f6afcbcd357281d7521b4157926f30ebecc8d4ea59dcb7",
                "sha256:28545383d61f55b57cf4df63eebd9827754fd2dc25f80c5253f9184235db242c",
                "sha256:2e3427429c9cffebf259491be0af70189607f365c2f41c7c3764af6f337105f2",
                "sha256:398a9e0c3eaceb34ec1aee71894ca3299605fa8e761544934378bbc6c97de23b",
                "sha256:44246bab5dd4b7fbd3c0c80b6f16686808fab0e4aca819ade6e8d294a29c7050",
                "sha256:447d43819997825d4e71bf5769d869b968ce96848b6479397e29fc24c4a5dfe9",
                "sha256:67a3598f0a2dcbc58d02dd1928544e7d88f764b47d4a286202913f0b2801c2e7",
                "sha256:74480f79a023f90dc6e18febbf7b8bac7508420f2006fabd512013c0c238f454",
                "sha256:819559cafa1a373b7096a482b504ae8a857c89593cf3a25af743ac9ecbd23480",
                "sha256:899dc660cd599d7352d6f10d83c95df430a38b410c1b66b407a6b29265d66469",
                "sha256:8c0c984a1b8fef4086329ff8dd19ac77576b384079247c770f29cc8ce3afa06c",
                "sha256:9aae4406ea63d825636cc11ffb34ad3379335803216ee3a856787bcf5ccc751e",
                "sha256:a7ca6d488aa8ff7f329d4c545b2dbad8ac31464f1d8b1c87ad1346717731e4db",
                "sha256:b6cc7ba72a8850621bfec987cb72623e703b7fe2b9127a161ce61e61558ad905",
                "sha256:bf01b5720be110540be4286e791db73f84a2b721072a3711efff6c324cdf074b",
                "sha256:c02ce36ec760252242a33967d51c289fd0e1c0e6e5cc9397e2279177716add86",
                "sha256:d9e4432ff660d67d775c66ac42a67cf2453c27cb4d738fc22cb53b5d84c135d4",
                "sha256:daa564862dd0d39c00f8086f88700fdbe8bc717e993a21e90711acfed02f2402",
                "sha256:de78575669dddf6099a8a0f46a27e82a1783c557ccc38ee620ed8cc96d3be7d7",
                "sha256:e64857f395505ebf3d2569935506ae0dfc4a15cb80dc25261176c784662cdcc4",
                "sha256:f4bd856d702e5b0d96a00ec6b307b0f51c1982c2bf9c0052cf9019e9a544ba99",
                "sha256:f4c42102bc82a51108e449cbb32b19b180022941c727bac0cfd50170341f16ee"
            ],
            "markers": "python_version >= '3.7'",
            "version": "==3.20.3"
        },
        "psutil": {
            "hashes": [
                "sha256:02615ed8c5ea222323408ceba16c60e99c3f91639b07da6373fb7e6539abc56d",
                "sha256:05806de88103b25903dff19bb6692bd2e714ccf9e668d050d144012055cbca73",
                "sha256:26bd09967ae00920df88e0352a91cff1a78f8d69b3ecabbfe733610c0af486c8",
                "sha256:27cc40c3493bb10de1be4b3f07cae4c010ce715290a5be22b98493509c6299e2",
                "sha256:36f435891adb138ed3c9e58c6af3e2e6ca9ac2f365efe1f9cfef2794e6c93b4e",
                "sha256:50187900d73c1381ba1454cf40308c2bf6f34268518b3f36a9b663ca87e65e36",
                "sha256:611052c4bc70432ec770d5d54f64206aa7203a101ec273a0cd82418c86503bb7",
                "sha256:6be126e3225486dff286a8fb9a06246a5253f4c7c53b475ea5f5ac934e64194c",
                "sha256:7d79560ad97af658a0f6adfef8b834b53f64746d45b403f225b85c5c2c140eee",
                "sha256:8cb6403ce6d8e047495a701dc7c5bd788add903f8986d523e3e20b98b733e421",
                "sha256:8db4c1b57507eef143a15a6884ca10f7c73876cdf5d51e713151c1236a0e68cf",
                "sha256:aee678c8720623dc456fa20659af736241f575d79429a0e5e9cf88ae0605cc81",
                "sha256:bc56c2a1b0d15aa3eaa5a60c9f3f8e3e565303b465dbf57a1b730e7a2b9844e0",
                "sha256:bd1184ceb3f87651a67b2708d4c3338e9b10c5df903f2e3776b62303b26cb631",
                "sha256:d06016f7f8625a1825ba3732081d77c94589dca78b7a3fc072194851e88461a4",
                "sha256:d16bbddf0693323b8c6123dd804100241da461e41d6e332fb0ba6058f630f8c8"
            ],
            "markers": "python_version >= '2.7' and python_version not in '3.0, 3.1, 3.2, 3.3, 3.4, 3.5'",
            "version": "==5.9.8"
        },
        "pyasn1": {
            "hashes": [
                "sha256:3a35ab2c4b5ef98e17dfdec8ab074046fbda76e281c5a706ccd82328cfc8f64c",
                "sha256:cca4bb0f2df5504f02f6f8a775b6e416ff9b0b3b16f7ee80b5a3153d9b804473"
            ],
            "markers": "python_version >= '3.8'",
            "version": "==0.6.0"
        },
        "pyasn1-modules": {
            "hashes": [
                "sha256:831dbcea1b177b28c9baddf4c6d1013c24c3accd14a1873fffaa6a2e905f17b6",
                "sha256:be04f15b66c206eed667e0bb5ab27e2b1855ea54a842e5037738099e8ca4ae0b"
            ],
            "markers": "python_version >= '3.8'",
            "version": "==0.4.0"
        },
        "pygtrie": {
            "hashes": [
                "sha256:203514ad826eb403dab1d2e2ddd034e0d1534bbe4dbe0213bb0593f66beba4e2",
                "sha256:8795cda8105493d5ae159a5bef313ff13156c5d4d72feddefacaad59f8c8ce16"
            ],
            "version": "==2.5.0"
        },
        "regex": {
            "hashes": [
                "sha256:05d9b6578a22db7dedb4df81451f360395828b04f4513980b6bd7a1412c679cc",
                "sha256:08a1749f04fee2811c7617fdd46d2e46d09106fa8f475c884b65c01326eb15c5",
                "sha256:0940038bec2fe9e26b203d636c44d31dd8766abc1fe66262da6484bd82461ccf",
                "sha256:0a2a512d623f1f2d01d881513af9fc6a7c46e5cfffb7dc50c38ce959f9246c94",
                "sha256:0a54a047b607fd2d2d52a05e6ad294602f1e0dec2291152b745870afc47c1397",
                "sha256:0dd3f69098511e71880fb00f5815db9ed0ef62c05775395968299cb400aeab82",
                "sha256:1031a5e7b048ee371ab3653aad3030ecfad6ee9ecdc85f0242c57751a05b0ac4",
                "sha256:108e2dcf0b53a7c4ab8986842a8edcb8ab2e59919a74ff51c296772e8e74d0ae",
                "sha256:144a1fc54765f5c5c36d6d4b073299832aa1ec6a746a6452c3ee7b46b3d3b11d",
                "sha256:19d6c11bf35a6ad077eb23852827f91c804eeb71ecb85db4ee1386825b9dc4db",
                "sha256:1f687a28640f763f23f8a9801fe9e1b37338bb1ca5d564ddd41619458f1f22d1",
                "sha256:224803b74aab56aa7be313f92a8d9911dcade37e5f167db62a738d0c85fdac4b",
                "sha256:23a412b7b1a7063f81a742463f38821097b6a37ce1e5b89dd8e871d14dbfd86b",
                "sha256:25f87ae6b96374db20f180eab083aafe419b194e96e4f282c40191e71980c666",
                "sha256:2630ca4e152c221072fd4a56d4622b5ada876f668ecd24d5ab62544ae6793ed6",
                "sha256:28e1f28d07220c0f3da0e8fcd5a115bbb53f8b55cecf9bec0c946eb9a059a94c",
                "sha256:2b51739ddfd013c6f657b55a508de8b9ea78b56d22b236052c3a85a675102dc6",
                "sha256:2cc1b87bba1dd1a898e664a31012725e48af826bf3971e786c53e32e02adae6c",
                "sha256:2fef0b38c34ae675fcbb1b5db760d40c3fc3612cfa186e9e50df5782cac02bcd",
                "sha256:36f392dc7763fe7924575475736bddf9ab9f7a66b920932d0ea50c2ded2f5636",
                "sha256:374f690e1dd0dbdcddea4a5c9bdd97632cf656c69113f7cd6a361f2a67221cb6",
                "sha256:3986217ec830c2109875be740531feb8ddafe0dfa49767cdcd072ed7e8927962",
                "sha256:39fb166d2196413bead229cd64a2ffd6ec78ebab83fff7d2701103cf9f4dfd26",
                "sha256:4290035b169578ffbbfa50d904d26bec16a94526071ebec3dadbebf67a26b25e",
                "sha256:43548ad74ea50456e1c68d3c67fff3de64c6edb85bcd511d1136f9b5376fc9d1",
                "sha256:44a22ae1cfd82e4ffa2066eb3390777dc79468f866f0625261a93e44cdf6482b",
                "sha256:457c2cd5a646dd4ed536c92b535d73548fb8e216ebee602aa9f48e068fc393f3",
                "sha256:459226445c7d7454981c4c0ce0ad1a72e1e751c3e417f305722bbcee6697e06a",
                "sha256:47af45b6153522733aa6e92543938e97a70ce0900649ba626cf5aad290b737b6",
                "sha256:499334ad139557de97cbc4347ee921c0e2b5e9c0f009859e74f3f77918339257",
                "sha256:57ba112e5530530fd175ed550373eb263db4ca98b5f00694d73b18b9a02e7185",
                "sha256:5ce479ecc068bc2a74cb98dd8dba99e070d1b2f4a8371a7dfe631f85db70fe6e",
                "sha256:5dbc1bcc7413eebe5f18196e22804a3be1bfdfc7e2afd415e12c068624d48247",
                "sha256:6277d426e2f31bdbacb377d17a7475e32b2d7d1f02faaecc48d8e370c6a3ff31",
                "sha256:66372c2a01782c5fe8e04bff4a2a0121a9897e19223d9eab30c54c50b2ebeb7f",
                "sha256:670fa596984b08a4a769491cbdf22350431970d0112e03d7e4eeaecaafcd0fec",
                "sha256:6f435946b7bf7a1b438b4e6b149b947c837cb23c704e780c19ba3e6855dbbdd3",
                "sha256:7413167c507a768eafb5424413c5b2f515c606be5bb4ef8c5dee43925aa5718b",
                "sha256:7c3d389e8d76a49923683123730c33e9553063d9041658f23897f0b396b2386f",
                "sha256:7d77b6f63f806578c604dca209280e4c54f0fa9a8128bb8d2cc5fb6f99da4150",
                "sha256:7e76b9cfbf5ced1aca15a0e5b6f229344d9b3123439ffce552b11faab0114a02",
                "sha256:7f3502f03b4da52bbe8ba962621daa846f38489cae5c4a7b5d738f15f6443d17",
                "sha256:7fe9739a686dc44733d52d6e4f7b9c77b285e49edf8570754b322bca6b85b4cc",
                "sha256:83ab366777ea45d58f72593adf35d36ca911ea8bd838483c1823b883a121b0e4",
                "sha256:84077821c85f222362b72fdc44f7a3a13587a013a45cf14534df1cbbdc9a6796",
                "sha256:8bb381f777351bd534462f63e1c6afb10a7caa9fa2a421ae22c26e796fe31b1f",
                "sha256:92da587eee39a52c91aebea8b850e4e4f095fe5928d415cb7ed656b3460ae79a",
                "sha256:9301cc6db4d83d2c0719f7fcda37229691745168bf6ae849bea2e85fc769175d",
                "sha256:965fd0cf4694d76f6564896b422724ec7b959ef927a7cb187fc6b3f4e4f59833",
                "sha256:99d6a550425cc51c656331af0e2b1651e90eaaa23fb4acde577cf15068e2e20f",
                "sha256:99ef6289b62042500d581170d06e17f5353b111a15aa6b25b05b91c6886df8fc",
                "sha256:a1409c4eccb6981c7baabc8888d3550df518add6e06fe74fa1d9312c1838652d",
                "sha256:a74fcf77d979364f9b69fcf8200849ca29a374973dc193a7317698aa37d8b01c",
                "sha256:aaa179975a64790c1f2701ac562b5eeb733946eeb036b5bcca05c8d928a62f10",
                "sha256:ac69b394764bb857429b031d29d9604842bc4cbfd964d764b1af1868eeebc4f0",
                "sha256:b45d4503de8f4f3dc02f1d28a9b039e5504a02cc18906cfe744c11def942e9eb",
                "sha256:b7d893c8cf0e2429b823ef1a1d360a25950ed11f0e2a9df2b5198821832e1947",
                "sha256:b8eb28995771c087a73338f695a08c9abfdf723d185e57b97f6175c5051ff1ae",
                "sha256:b91d529b47798c016d4b4c1d06cc826ac40d196da54f0de3c519f5a297c5076a",
                "sha256:bc365ce25f6c7c5ed70e4bc674f9137f52b7dd6a125037f9132a7be52b8a252f",
                "sha256:bf29304a8011feb58913c382902fde3395957a47645bf848eea695839aa101b7",
                "sha256:c06bf3f38f0707592898428636cbb75d0a846651b053a1cf748763e3063a6925",
                "sha256:c77d10ec3c1cf328b2f501ca32583625987ea0f23a0c2a49b37a39ee5c4c4630",
                "sha256:cd196d056b40af073d95a2879678585f0b74ad35190fac04ca67954c582c6b61",
                "sha256:d7a353ebfa7154c871a35caca7bfd8f9e18666829a1dc187115b80e35a29393e",
                "sha256:d84308f097d7a513359757c69707ad339da799e53b7393819ec2ea36bc4beb58",
                "sha256:dd7ef715ccb8040954d44cfeff17e6b8e9f79c8019daae2fd30a8806ef5435c0",
                "sha256:e672cf9caaf669053121f1766d659a8813bd547edef6e009205378faf45c67b8",
                "sha256:ecc6148228c9ae25ce403eade13a0961de1cb016bdb35c6eafd8e7b87ad028b1",
                "sha256:f1c5742c31ba7d72f2dedf7968998730664b45e38827637e0f04a2ac7de2f5f1",
                "sha256:f1d6e4b7b2ae3a6a9df53efbf199e4bfcff0959dbdb5fd9ced34d4407348e39a",
                "sha256:f2fc053228a6bd3a17a9b0a3f15c3ab3cf95727b00557e92e1cfe094b88cc662",
                "sha256:f57515750d07e14743db55d59759893fdb21d2668f39e549a7d6cad5d70f9fea",
                "sha256:f85151ec5a232335f1be022b09fbbe459042ea1951d8a48fef251223fc67eee1",
                "sha256:fb0315a2b26fde4005a7c401707c5352df274460f2f85b209cf6024271373013",
                "sha256:fc0916c4295c64d6890a46e02d4482bb5ccf33bf1a824c0eaa9e83b148291f90",
                "sha256:fd24fd140b69f0b0bcc9165c397e9b2e89ecbeda83303abf2a072609f60239e2",
                "sha256:fdae0120cddc839eb8e3c15faa8ad541cc6d906d3eb24d82fb041cfe2807bc1e",
                "sha256:fe00f4fe11c8a521b173e6324d862ee7ee3412bf7107570c9b564fe1119b56fb"
            ],
            "markers": "python_version >= '3.8'",
            "version": "==2024.4.28"
        },
        "requests": {
            "hashes": [
                "sha256:58cd2187c01e70e6e26505bca751777aa9f2ee0b7f4300988b709f44e013003f",
                "sha256:942c5a758f98d790eaed1a29cb6eefc7ffb0d1cf7af05c3d2791656dbd6ad1e1"
            ],
            "index": "pypi",
            "markers": "python_version >= '3.7'",
            "version": "==2.31.0"
        },
        "rsa": {
            "hashes": [
                "sha256:90260d9058e514786967344d0ef75fa8727eed8a7d2e43ce9f4bcf1b536174f7",
                "sha256:e38464a49c6c85d7f1351b0126661487a7e0a14a50f1675ec50eb34d4f20ef21"
            ],
            "markers": "python_version >= '3.6' and python_version < '4'",
            "version": "==4.9"
        },
        "six": {
            "hashes": [
                "sha256:1e61c37477a1626458e36f7b1d82aa5c9b094fa4802892072e49de9c60c4c926",
                "sha256:8abb2f1d86890a2dfb989f9a77cfcfd3e47c2a354b01111771326f8aa26e0254"
            ],
            "markers": "python_version >= '2.7' and python_version not in '3.0, 3.1, 3.2, 3.3'",
            "version": "==1.16.0"
        },
        "tqdm": {
            "hashes": [
                "sha256:b75ca56b413b030bc3f00af51fd2c1a1a5eac6a0c1cca83cbb37a5c52abce644",
                "sha256:e4d936c9de8727928f3be6079590e97d9abfe8d39a590be678eb5919ffc186bb"
            ],
            "markers": "python_version >= '3.7'",
            "version": "==4.66.4"
        },
        "urllib3": {
            "hashes": [
                "sha256:450b20ec296a467077128bff42b73080516e71b56ff59a60a02bef2232c4fa9d",
                "sha256:d0570876c61ab9e520d776c38acbbb5b05a776d3f9ff98a5c8fd5162a444cf19"
            ],
            "markers": "python_version >= '3.8'",
            "version": "==2.2.1"
        },
        "wxpython": {
            "hashes": [
                "sha256:0595fdd133a552a232a99759b87891136a4500c806bbea68b888e7b6f2c9bbea",
                "sha256:1ca327c877f276b33e2c4b6cb8417964305ee505e2509fb2000851d48b82328f",
                "sha256:3062b4d2f5d6dcf1d59983797fc067270a5ce829a918d52a516212e798f0c9ae",
                "sha256:3fd606d10db694c29f712f13dc3d3179d0204a71f6c1fbb5fcee859d03e9ff97",
                "sha256:5b233c39d7bfb53b9c4928ee7c86d626f1f7a716a6dfc3acc152bb437e658751",
                "sha256:8d846a785cd33c31e7eb42038eb159c88977d38208496b8322d14aef107f3eec",
                "sha256:903f45131107802b38c0b5d0e964a2ce0295b67e8c3d7659821ac5b26a35658b",
                "sha256:957a6e7cc68a8e4d7ca49c72a691b6efd5684040f4f03b112d0122e7ab470497",
                "sha256:a15b76dad81f9bd6ceadf00fbede9aff9e09859a9aa698c53e8bd56b95d2effc",
                "sha256:a41f3e03c3bfbe80864d7456f5c1236991fa937eedb60b986bd67e1bb47b7c3d",
                "sha256:a7eefbc7fe7ac86479d814302711f8f118ba214229aa2a6d789fb888ee79abaa",
                "sha256:bb7988814e706eb00792589d606d317da5661dcffbb09263cd20da956c46bcbb",
                "sha256:c4db6d7f054d76cb1532dbd5da81b87b7a90dc9fdf18a3540063b2f8f5f3e663",
                "sha256:e48de211a6606bf072ec3fa778771d6b746c00b7f4b970eb58728ddf56d13d5c",
                "sha256:e87960d1963e291d4009c8547c85716b7d5325eb828cd183fdb28d441d6c3787",
                "sha256:ff0423e84a5aaa203e7c1c3d36f8417c54cb4cd8849a43b3c917ac3bfafa4ad7"
            ],
            "version": "==4.2.1"
        }
    },
    "develop": {}
}
